
Microsoft Visual Studio Solution File, Format Version 12.00
# Visual Studio Version 16
VisualStudioVersion = 16.0.31205.134
MinimumVisualStudioVersion = 10.0.40219.1
Project("{FAE04EC0-301F-11D3-BF4B-00C04F79EFBC}") = "Practice2", "Practice2.csproj", "{86F3679F-E46A-43E1-B03C-A961820EC359}"
EndProject
Global
	GlobalSection(SolutionConfigurationPlatforms) = preSolution
		Debug|Any CPU = Debug|Any CPU
		Release|Any CPU = Release|Any CPU
	EndGlobalSection
	GlobalSection(ProjectConfigurationPlatforms) = postSolution
		{86F3679F-E46A-43E1-B03C-A961820EC359}.Debug|Any CPU.ActiveCfg = Debug|Any CPU
		{86F3679F-E46A-43E1-B03C-A961820EC359}.Debug|Any CPU.Build.0 = Debug|Any CPU
		{86F3679F-E46A-43E1-B03C-A961820EC359}.Release|Any CPU.ActiveCfg = Release|Any CPU
		{86F3679F-E46A-43E1-B03C-A961820EC359}.Release|Any CPU.Build.0 = Release|Any CPU
	EndGlobalSection
	GlobalSection(SolutionProperties) = preSolution
		HideSolutionNode = FALSE
	EndGlobalSection
	GlobalSection(ExtensibilityGlobals) = postSolution
		SolutionGuid = {3B329D81-67FA-491B-8080-AB90CCD15B28}
	EndGlobalSection
EndGlobal
